# THIS IS AN AUTOGENERATED FILE. DO NOT EDIT THIS FILE DIRECTLY.
# yarn lockfile v1


asciichart@^1.5.9:
  version "1.5.9"
  resolved "https://registry.yarnpkg.com/asciichart/-/asciichart-1.5.9.tgz#09707b13e2d4cb71b13dd1866fffcd15f76c005c"
  integrity sha512-1q/HY2qSQ4WvTryixibCX37ST2nqSYnUalVX4HtZtImb8DWRnoGB93hvPkpUypNILLosfMcceICSDYgFCeC2iw==
